
Microsoft Visual Studio Solution File, Format Version 12.00
# Visual Studio 2012
Project("{FAE04EC0-301F-11D3-BF4B-00C04F79EFBC}") = "XamarinTest", "XamarinTest\XamarinTest.csproj", "{7FA157E1-E9B1-442B-8DC3-73EAFB0D5794}"
EndProject
Project("{FAE04EC0-301F-11D3-BF4B-00C04F79EFBC}") = "XamarinTest.iOS", "iOS\XamarinTest.iOS.csproj", "{0FBDDD04-2998-4F7D-BFA1-CB1E8EF5858D}"
EndProject
Project("{FAE04EC0-301F-11D3-BF4B-00C04F79EFBC}") = "XamarinTest.Droid", "Droid\XamarinTest.Droid.csproj", "{D6AE6FBB-E1F8-4DE8-B330-61ECE60677F3}"
EndProject
Global
	GlobalSection(SolutionConfigurationPlatforms) = preSolution
		Debug|Any CPU = Debug|Any CPU
		Release|Any CPU = Release|Any CPU
		Debug|iPhoneSimulator = Debug|iPhoneSimulator
		Release|iPhone = Release|iPhone
		Release|iPhoneSimulator = Release|iPhoneSimulator
		Debug|iPhone = Debug|iPhone
	EndGlobalSection
	GlobalSection(ProjectConfigurationPlatforms) = postSolution
		{7FA157E1-E9B1-442B-8DC3-73EAFB0D5794}.Debug|Any CPU.ActiveCfg = Debug|Any CPU
		{7FA157E1-E9B1-442B-8DC3-73EAFB0D5794}.Debug|Any CPU.Build.0 = Debug|Any CPU
		{7FA157E1-E9B1-442B-8DC3-73EAFB0D5794}.Release|Any CPU.ActiveCfg = Release|Any CPU
		{7FA157E1-E9B1-442B-8DC3-73EAFB0D5794}.Release|Any CPU.Build.0 = Release|Any CPU
		{7FA157E1-E9B1-442B-8DC3-73EAFB0D5794}.Debug|iPhoneSimulator.ActiveCfg = Debug|Any CPU
		{7FA157E1-E9B1-442B-8DC3-73EAFB0D5794}.Debug|iPhoneSimulator.Build.0 = Debug|Any CPU
		{7FA157E1-E9B1-442B-8DC3-73EAFB0D5794}.Release|iPhone.ActiveCfg = Release|Any CPU
		{7FA157E1-E9B1-442B-8DC3-73EAFB0D5794}.Release|iPhone.Build.0 = Release|Any CPU
		{7FA157E1-E9B1-442B-8DC3-73EAFB0D5794}.Release|iPhoneSimulator.ActiveCfg = Release|Any CPU
		{7FA157E1-E9B1-442B-8DC3-73EAFB0D5794}.Release|iPhoneSimulator.Build.0 = Release|Any CPU
		{7FA157E1-E9B1-442B-8DC3-73EAFB0D5794}.Debug|iPhone.ActiveCfg = Debug|Any CPU
		{7FA157E1-E9B1-442B-8DC3-73EAFB0D5794}.Debug|iPhone.Build.0 = Debug|Any CPU
		{0FBDDD04-2998-4F7D-BFA1-CB1E8EF5858D}.Debug|Any CPU.ActiveCfg = Debug|iPhoneSimulator
		{0FBDDD04-2998-4F7D-BFA1-CB1E8EF5858D}.Debug|Any CPU.Build.0 = Debug|iPhoneSimulator
		{0FBDDD04-2998-4F7D-BFA1-CB1E8EF5858D}.Release|Any CPU.ActiveCfg = Release|iPhone
		{0FBDDD04-2998-4F7D-BFA1-CB1E8EF5858D}.Release|Any CPU.Build.0 = Release|iPhone
		{0FBDDD04-2998-4F7D-BFA1-CB1E8EF5858D}.Debug|iPhoneSimulator.ActiveCfg = Debug|iPhoneSimulator
		{0FBDDD04-2998-4F7D-BFA1-CB1E8EF5858D}.Debug|iPhoneSimulator.Build.0 = Debug|iPhoneSimulator
		{0FBDDD04-2998-4F7D-BFA1-CB1E8EF5858D}.Release|iPhone.ActiveCfg = Release|iPhone
		{0FBDDD04-2998-4F7D-BFA1-CB1E8EF5858D}.Release|iPhone.Build.0 = Release|iPhone
		{0FBDDD04-2998-4F7D-BFA1-CB1E8EF5858D}.Release|iPhoneSimulator.ActiveCfg = Release|iPhoneSimulator
		{0FBDDD04-2998-4F7D-BFA1-CB1E8EF5858D}.Release|iPhoneSimulator.Build.0 = Release|iPhoneSimulator
		{0FBDDD04-2998-4F7D-BFA1-CB1E8EF5858D}.Debug|iPhone.ActiveCfg = Debug|iPhone
		{0FBDDD04-2998-4F7D-BFA1-CB1E8EF5858D}.Debug|iPhone.Build.0 = Debug|iPhone
		{D6AE6FBB-E1F8-4DE8-B330-61ECE60677F3}.Debug|Any CPU.ActiveCfg = Debug|Any CPU
		{D6AE6FBB-E1F8-4DE8-B330-61ECE60677F3}.Debug|Any CPU.Build.0 = Debug|Any CPU
		{D6AE6FBB-E1F8-4DE8-B330-61ECE60677F3}.Release|Any CPU.ActiveCfg = Release|Any CPU
		{D6AE6FBB-E1F8-4DE8-B330-61ECE60677F3}.Release|Any CPU.Build.0 = Release|Any CPU
		{D6AE6FBB-E1F8-4DE8-B330-61ECE60677F3}.Debug|iPhoneSimulator.ActiveCfg = Debug|Any CPU
		{D6AE6FBB-E1F8-4DE8-B330-61ECE60677F3}.Debug|iPhoneSimulator.Build.0 = Debug|Any CPU
		{D6AE6FBB-E1F8-4DE8-B330-61ECE60677F3}.Release|iPhone.ActiveCfg = Release|Any CPU
		{D6AE6FBB-E1F8-4DE8-B330-61ECE60677F3}.Release|iPhone.Build.0 = Release|Any CPU
		{D6AE6FBB-E1F8-4DE8-B330-61ECE60677F3}.Release|iPhoneSimulator.ActiveCfg = Release|Any CPU
		{D6AE6FBB-E1F8-4DE8-B330-61ECE60677F3}.Release|iPhoneSimulator.Build.0 = Release|Any CPU
		{D6AE6FBB-E1F8-4DE8-B330-61ECE60677F3}.Debug|iPhone.ActiveCfg = Debug|Any CPU
		{D6AE6FBB-E1F8-4DE8-B330-61ECE60677F3}.Debug|iPhone.Build.0 = Debug|Any CPU
	EndGlobalSection
EndGlobal
